<?xml version="1.0" encoding="utf-8"?>
<Project ToolsVersion="4.0" xmlns="http://schemas.microsoft.com/developer/msbuild/2003">
  <ItemGroup>
    <ClCompile Include="Application.cpp">
      <Filter>Source Files</Filter>
    </ClCompile>
    <ClCompile Include="Color.cpp">
      <Filter>Source Files</Filter>
    </ClCompile>
    <ClCompile Include="glmath.cpp">
      <Filter>Source Files</Filter>
    </ClCompile>
    <ClCompile Include="Light.cpp">
      <Filter>Source Files</Filter>
    </ClCompile>
    <ClCompile Include="log.cpp">
      <Filter>Source Files</Filter>
    </ClCompile>
    <ClCompile Include="Main.cpp">
      <Filter>Source Files</Filter>
    </ClCompile>
    <ClCompile Include="ModuleCamera3D.cpp">
      <Filter>Source Files</Filter>
    </ClCompile>
    <ClCompile Include="ModuleInput.cpp">
      <Filter>Source Files</Filter>
    </ClCompile>
    <ClCompile Include="ModuleRenderer3D.cpp">
      <Filter>Source Files</Filter>
    </ClCompile>
    <ClCompile Include="ModuleSceneIntro.cpp">
      <Filter>Source Files</Filter>
    </ClCompile>
    <ClCompile Include="ModuleWindow.cpp">
      <Filter>Source Files</Filter>
    </ClCompile>
    <ClCompile Include="Primitive.cpp">
      <Filter>Source Files</Filter>
    </ClCompile>
    <ClCompile Include="Timer.cpp">
      <Filter>Source Files</Filter>
    </ClCompile>
    <ClCompile Include="ModuleMenus.cpp">
      <Filter>Source Files</Filter>
    </ClCompile>
    <ClCompile Include="ExternalLibraries\MathGeoLib\include\Algorithm\Random\LCG.cpp">
      <Filter>ExternalLibraries\MathGeoLib\Algorithm\Random</Filter>
    </ClCompile>
    <ClCompile Include="ExternalLibraries\MathGeoLib\include\Geometry\Capsule.cpp">
      <Filter>ExternalLibraries\MathGeoLib\Geometry</Filter>
    </ClCompile>
    <ClCompile Include="ExternalLibraries\MathGeoLib\include\Geometry\Circle.cpp">
      <Filter>ExternalLibraries\MathGeoLib\Geometry</Filter>
    </ClCompile>
    <ClCompile Include="ExternalLibraries\MathGeoLib\include\Geometry\Cone.cpp">
      <Filter>ExternalLibraries\MathGeoLib\Geometry</Filter>
    </ClCompile>
    <ClCompile Include="ExternalLibraries\MathGeoLib\include\Geometry\Cylinder.cpp">
      <Filter>ExternalLibraries\MathGeoLib\Geometry</Filter>
    </ClCompile>
    <ClCompile Include="ExternalLibraries\MathGeoLib\include\Geometry\Frustum.cpp">
      <Filter>ExternalLibraries\MathGeoLib\Geometry</Filter>
    </ClCompile>
    <ClCompile Include="ExternalLibraries\MathGeoLib\include\Geometry\Line.cpp">
      <Filter>ExternalLibraries\MathGeoLib\Geometry</Filter>
    </ClCompile>
    <ClCompile Include="ExternalLibraries\MathGeoLib\include\Geometry\LineSegment.cpp">
      <Filter>ExternalLibraries\MathGeoLib\Geometry</Filter>
    </ClCompile>
    <ClCompile Include="ExternalLibraries\MathGeoLib\include\Geometry\OBB.cpp">
      <Filter>ExternalLibraries\MathGeoLib\Geometry</Filter>
    </ClCompile>
    <ClCompile Include="ExternalLibraries\MathGeoLib\include\Geometry\Plane.cpp">
      <Filter>ExternalLibraries\MathGeoLib\Geometry</Filter>
    </ClCompile>
    <ClCompile Include="ExternalLibraries\MathGeoLib\include\Geometry\Polygon.cpp">
      <Filter>ExternalLibraries\MathGeoLib\Geometry</Filter>
    </ClCompile>
    <ClCompile Include="ExternalLibraries\MathGeoLib\include\Geometry\Polyhedron.cpp">
      <Filter>ExternalLibraries\MathGeoLib\Geometry</Filter>
    </ClCompile>
    <ClCompile Include="ExternalLibraries\MathGeoLib\include\Geometry\Ray.cpp">
      <Filter>ExternalLibraries\MathGeoLib\Geometry</Filter>
    </ClCompile>
    <ClCompile Include="ExternalLibraries\MathGeoLib\include\Geometry\Sphere.cpp">
      <Filter>ExternalLibraries\MathGeoLib\Geometry</Filter>
    </ClCompile>
    <ClCompile Include="ExternalLibraries\MathGeoLib\include\Geometry\Triangle.cpp">
      <Filter>ExternalLibraries\MathGeoLib\Geometry</Filter>
    </ClCompile>
    <ClCompile Include="ExternalLibraries\MathGeoLib\include\Geometry\TriangleMesh.cpp">
      <Filter>ExternalLibraries\MathGeoLib\Geometry</Filter>
    </ClCompile>
    <ClCompile Include="ExternalLibraries\MathGeoLib\include\Geometry\AABB.cpp">
      <Filter>ExternalLibraries\MathGeoLib\Geometry</Filter>
    </ClCompile>
    <ClCompile Include="ExternalLibraries\MathGeoLib\include\Math\Quat.cpp">
      <Filter>ExternalLibraries\MathGeoLib\Math</Filter>
    </ClCompile>
    <ClCompile Include="ExternalLibraries\MathGeoLib\include\Math\SSEMath.cpp">
      <Filter>ExternalLibraries\MathGeoLib\Math</Filter>
    </ClCompile>
    <ClCompile Include="ExternalLibraries\MathGeoLib\include\Math\TransformOps.cpp">
      <Filter>ExternalLibraries\MathGeoLib\Math</Filter>
    </ClCompile>
    <ClCompile Include="ExternalLibraries\MathGeoLib\include\Math\BitOps.cpp">
      <Filter>ExternalLibraries\MathGeoLib\Math</Filter>
    </ClCompile>
    <ClCompile Include="ExternalLibraries\MathGeoLib\include\Math\float2.cpp">
      <Filter>ExternalLibraries\MathGeoLib\Math</Filter>
    </ClCompile>
    <ClCompile Include="ExternalLibraries\MathGeoLib\include\Math\float3.cpp">
      <Filter>ExternalLibraries\MathGeoLib\Math</Filter>
    </ClCompile>
    <ClCompile Include="ExternalLibraries\MathGeoLib\include\Math\float3x3.cpp">
      <Filter>ExternalLibraries\MathGeoLib\Math</Filter>
    </ClCompile>
    <ClCompile Include="ExternalLibraries\MathGeoLib\include\Math\float3x4.cpp">
      <Filter>ExternalLibraries\MathGeoLib\Math</Filter>
    </ClCompile>
    <ClCompile Include="ExternalLibraries\MathGeoLib\include\Math\float4.cpp">
      <Filter>ExternalLibraries\MathGeoLib\Math</Filter>
    </ClCompile>
    <ClCompile Include="ExternalLibraries\MathGeoLib\include\Math\float4x4.cpp">
      <Filter>ExternalLibraries\MathGeoLib\Math</Filter>
    </ClCompile>
    <ClCompile Include="ExternalLibraries\MathGeoLib\include\Math\MathFunc.cpp">
      <Filter>ExternalLibraries\MathGeoLib\Math</Filter>
    </ClCompile>
    <ClCompile Include="ExternalLibraries\MathGeoLib\include\Math\MathLog.cpp">
      <Filter>ExternalLibraries\MathGeoLib\Math</Filter>
    </ClCompile>
    <ClCompile Include="ExternalLibraries\MathGeoLib\include\Math\MathOps.cpp">
      <Filter>ExternalLibraries\MathGeoLib\Math</Filter>
    </ClCompile>
    <ClCompile Include="ExternalLibraries\MathGeoLib\include\Math\Polynomial.cpp">
      <Filter>ExternalLibraries\MathGeoLib\Math</Filter>
    </ClCompile>
    <ClCompile Include="ExternalLibraries\MathGeoLib\include\Time\Clock.cpp">
      <Filter>ExternalLibraries\MathGeoLib\Time</Filter>
    </ClCompile>
    <ClCompile Include="ExternalLibraries\Json\json.c">
      <Filter>ExternalLibraries\Json</Filter>
    </ClCompile>
    <ClCompile Include="ModuleFilesManager.cpp">
      <Filter>Source Files</Filter>
    </ClCompile>
    <ClCompile Include="ExternalLibraries\ImGui\imgui.cpp">
      <Filter>ExternalLibraries\ImGui</Filter>
    </ClCompile>
    <ClCompile Include="ExternalLibraries\ImGui\imgui_demo.cpp">
      <Filter>ExternalLibraries\ImGui</Filter>
    </ClCompile>
    <ClCompile Include="ExternalLibraries\ImGui\imgui_draw.cpp">
      <Filter>ExternalLibraries\ImGui</Filter>
    </ClCompile>
    <ClCompile Include="ExternalLibraries\ImGui\imgui_impl_opengl3.cpp">
      <Filter>ExternalLibraries\ImGui</Filter>
    </ClCompile>
    <ClCompile Include="ExternalLibraries\ImGui\imgui_impl_sdl.cpp">
      <Filter>ExternalLibraries\ImGui</Filter>
    </ClCompile>
    <ClCompile Include="ExternalLibraries\ImGui\imgui_tables.cpp">
      <Filter>ExternalLibraries\ImGui</Filter>
    </ClCompile>
    <ClCompile Include="ExternalLibraries\ImGui\imgui_widgets.cpp">
      <Filter>ExternalLibraries\ImGui</Filter>
    </ClCompile>
    <ClCompile Include="GameObject.cpp">
      <Filter>Source Files\Components</Filter>
    </ClCompile>
    <ClCompile Include="Component.cpp">
      <Filter>Source Files\Components</Filter>
    </ClCompile>
    <ClCompile Include="C_Transform.cpp">
      <Filter>Source Files\Components</Filter>
    </ClCompile>
    <ClCompile Include="C_Material.cpp">
      <Filter>Source Files\Components</Filter>
    </ClCompile>
    <ClCompile Include="C_Mesh.cpp">
      <Filter>Source Files\Components</Filter>
    </ClCompile>
  </ItemGroup>
  <ItemGroup>
    <ClInclude Include="Application.h">
      <Filter>Header Files</Filter>
    </ClInclude>
    <ClInclude Include="Color.h">
      <Filter>Header Files</Filter>
    </ClInclude>
    <ClInclude Include="glmath.h">
      <Filter>Header Files</Filter>
    </ClInclude>
    <ClInclude Include="Globals.h">
      <Filter>Header Files</Filter>
    </ClInclude>
    <ClInclude Include="Light.h">
      <Filter>Header Files</Filter>
    </ClInclude>
    <ClInclude Include="Module.h">
      <Filter>Header Files</Filter>
    </ClInclude>
    <ClInclude Include="ModuleCamera3D.h">
      <Filter>Header Files</Filter>
    </ClInclude>
    <ClInclude Include="ModuleInput.h">
      <Filter>Header Files</Filter>
    </ClInclude>
    <ClInclude Include="ModuleRenderer3D.h">
      <Filter>Header Files</Filter>
    </ClInclude>
    <ClInclude Include="ModuleSceneIntro.h">
      <Filter>Header Files</Filter>
    </ClInclude>
    <ClInclude Include="ModuleWindow.h">
      <Filter>Header Files</Filter>
    </ClInclude>
    <ClInclude Include="Primitive.h">
      <Filter>Header Files</Filter>
    </ClInclude>
    <ClInclude Include="Timer.h">
      <Filter>Header Files</Filter>
    </ClInclude>
    <ClInclude Include="ModuleMenus.h">
      <Filter>Header Files</Filter>
    </ClInclude>
    <ClInclude Include="ExternalLibraries\MathGeoLib\include\Algorithm\Random\LCG.h">
      <Filter>ExternalLibraries\MathGeoLib\Algorithm\Random</Filter>
    </ClInclude>
    <ClInclude Include="ExternalLibraries\MathGeoLib\include\Geometry\AABB.h">
      <Filter>ExternalLibraries\MathGeoLib\Geometry</Filter>
    </ClInclude>
    <ClInclude Include="ExternalLibraries\MathGeoLib\include\Geometry\AABB2D.h">
      <Filter>ExternalLibraries\MathGeoLib\Geometry</Filter>
    </ClInclude>
    <ClInclude Include="ExternalLibraries\MathGeoLib\include\Geometry\Capsule.h">
      <Filter>ExternalLibraries\MathGeoLib\Geometry</Filter>
    </ClInclude>
    <ClInclude Include="ExternalLibraries\MathGeoLib\include\Geometry\Circle.h">
      <Filter>ExternalLibraries\MathGeoLib\Geometry</Filter>
    </ClInclude>
    <ClInclude Include="ExternalLibraries\MathGeoLib\include\Geometry\Cone.h">
      <Filter>ExternalLibraries\MathGeoLib\Geometry</Filter>
    </ClInclude>
    <ClInclude Include="ExternalLibraries\MathGeoLib\include\Geometry\Cylinder.h">
      <Filter>ExternalLibraries\MathGeoLib\Geometry</Filter>
    </ClInclude>
    <ClInclude Include="ExternalLibraries\MathGeoLib\include\Geometry\Frustum.h">
      <Filter>ExternalLibraries\MathGeoLib\Geometry</Filter>
    </ClInclude>
    <ClInclude Include="ExternalLibraries\MathGeoLib\include\Geometry\GeometryAll.h">
      <Filter>ExternalLibraries\MathGeoLib\Geometry</Filter>
    </ClInclude>
    <ClInclude Include="ExternalLibraries\MathGeoLib\include\Geometry\GeomType.h">
      <Filter>ExternalLibraries\MathGeoLib\Geometry</Filter>
    </ClInclude>
    <ClInclude Include="ExternalLibraries\MathGeoLib\include\Geometry\HitInfo.h">
      <Filter>ExternalLibraries\MathGeoLib\Geometry</Filter>
    </ClInclude>
    <ClInclude Include="ExternalLibraries\MathGeoLib\include\Geometry\KDTree.h">
      <Filter>ExternalLibraries\MathGeoLib\Geometry</Filter>
    </ClInclude>
    <ClInclude Include="ExternalLibraries\MathGeoLib\include\Geometry\Line.h">
      <Filter>ExternalLibraries\MathGeoLib\Geometry</Filter>
    </ClInclude>
    <ClInclude Include="ExternalLibraries\MathGeoLib\include\Geometry\LineSegment.h">
      <Filter>ExternalLibraries\MathGeoLib\Geometry</Filter>
    </ClInclude>
    <ClInclude Include="ExternalLibraries\MathGeoLib\include\Geometry\OBB.h">
      <Filter>ExternalLibraries\MathGeoLib\Geometry</Filter>
    </ClInclude>
    <ClInclude Include="ExternalLibraries\MathGeoLib\include\Geometry\PBVolume.h">
      <Filter>ExternalLibraries\MathGeoLib\Geometry</Filter>
    </ClInclude>
    <ClInclude Include="ExternalLibraries\MathGeoLib\include\Geometry\Plane.h">
      <Filter>ExternalLibraries\MathGeoLib\Geometry</Filter>
    </ClInclude>
    <ClInclude Include="ExternalLibraries\MathGeoLib\include\Geometry\Polygon.h">
      <Filter>ExternalLibraries\MathGeoLib\Geometry</Filter>
    </ClInclude>
    <ClInclude Include="ExternalLibraries\MathGeoLib\include\Geometry\Polyhedron.h">
      <Filter>ExternalLibraries\MathGeoLib\Geometry</Filter>
    </ClInclude>
    <ClInclude Include="ExternalLibraries\MathGeoLib\include\Geometry\QuadTree.h">
      <Filter>ExternalLibraries\MathGeoLib\Geometry</Filter>
    </ClInclude>
    <ClInclude Include="ExternalLibraries\MathGeoLib\include\Geometry\Ray.h">
      <Filter>ExternalLibraries\MathGeoLib\Geometry</Filter>
    </ClInclude>
    <ClInclude Include="ExternalLibraries\MathGeoLib\include\Geometry\Sphere.h">
      <Filter>ExternalLibraries\MathGeoLib\Geometry</Filter>
    </ClInclude>
    <ClInclude Include="ExternalLibraries\MathGeoLib\include\Geometry\Triangle.h">
      <Filter>ExternalLibraries\MathGeoLib\Geometry</Filter>
    </ClInclude>
    <ClInclude Include="ExternalLibraries\MathGeoLib\include\Geometry\TriangleMesh.h">
      <Filter>ExternalLibraries\MathGeoLib\Geometry</Filter>
    </ClInclude>
    <ClInclude Include="ExternalLibraries\MathGeoLib\include\Math\Quat.h">
      <Filter>ExternalLibraries\MathGeoLib\Math</Filter>
    </ClInclude>
    <ClInclude Include="ExternalLibraries\MathGeoLib\include\Math\quat_simd.h">
      <Filter>ExternalLibraries\MathGeoLib\Math</Filter>
    </ClInclude>
    <ClInclude Include="ExternalLibraries\MathGeoLib\include\Math\Rect.h">
      <Filter>ExternalLibraries\MathGeoLib\Math</Filter>
    </ClInclude>
    <ClInclude Include="ExternalLibraries\MathGeoLib\include\Math\Reinterpret.h">
      <Filter>ExternalLibraries\MathGeoLib\Math</Filter>
    </ClInclude>
    <ClInclude Include="ExternalLibraries\MathGeoLib\include\Math\sse_mathfun.h">
      <Filter>ExternalLibraries\MathGeoLib\Math</Filter>
    </ClInclude>
    <ClInclude Include="ExternalLibraries\MathGeoLib\include\Math\SSEMath.h">
      <Filter>ExternalLibraries\MathGeoLib\Math</Filter>
    </ClInclude>
    <ClInclude Include="ExternalLibraries\MathGeoLib\include\Math\TransformOps.h">
      <Filter>ExternalLibraries\MathGeoLib\Math</Filter>
    </ClInclude>
    <ClInclude Include="ExternalLibraries\MathGeoLib\include\Math\assume.h">
      <Filter>ExternalLibraries\MathGeoLib\Math</Filter>
    </ClInclude>
    <ClInclude Include="ExternalLibraries\MathGeoLib\include\Math\BitOps.h">
      <Filter>ExternalLibraries\MathGeoLib\Math</Filter>
    </ClInclude>
    <ClInclude Include="ExternalLibraries\MathGeoLib\include\Math\Complex.h">
      <Filter>ExternalLibraries\MathGeoLib\Math</Filter>
    </ClInclude>
    <ClInclude Include="ExternalLibraries\MathGeoLib\include\Math\CoordinateAxisConvention.h">
      <Filter>ExternalLibraries\MathGeoLib\Math</Filter>
    </ClInclude>
    <ClInclude Include="ExternalLibraries\MathGeoLib\include\Math\FixedPoint.h">
      <Filter>ExternalLibraries\MathGeoLib\Math</Filter>
    </ClInclude>
    <ClInclude Include="ExternalLibraries\MathGeoLib\include\Math\float2.h">
      <Filter>ExternalLibraries\MathGeoLib\Math</Filter>
    </ClInclude>
    <ClInclude Include="ExternalLibraries\MathGeoLib\include\Math\float3.h">
      <Filter>ExternalLibraries\MathGeoLib\Math</Filter>
    </ClInclude>
    <ClInclude Include="ExternalLibraries\MathGeoLib\include\Math\float3x3.h">
      <Filter>ExternalLibraries\MathGeoLib\Math</Filter>
    </ClInclude>
    <ClInclude Include="ExternalLibraries\MathGeoLib\include\Math\float3x4.h">
      <Filter>ExternalLibraries\MathGeoLib\Math</Filter>
    </ClInclude>
    <ClInclude Include="ExternalLibraries\MathGeoLib\include\Math\float4.h">
      <Filter>ExternalLibraries\MathGeoLib\Math</Filter>
    </ClInclude>
    <ClInclude Include="ExternalLibraries\MathGeoLib\include\Math\float4_neon.h">
      <Filter>ExternalLibraries\MathGeoLib\Math</Filter>
    </ClInclude>
    <ClInclude Include="ExternalLibraries\MathGeoLib\include\Math\float4_sse.h">
      <Filter>ExternalLibraries\MathGeoLib\Math</Filter>
    </ClInclude>
    <ClInclude Include="ExternalLibraries\MathGeoLib\include\Math\float4x4.h">
      <Filter>ExternalLibraries\MathGeoLib\Math</Filter>
    </ClInclude>
    <ClInclude Include="ExternalLibraries\MathGeoLib\include\Math\float4x4_neon.h">
      <Filter>ExternalLibraries\MathGeoLib\Math</Filter>
    </ClInclude>
    <ClInclude Include="ExternalLibraries\MathGeoLib\include\Math\float4x4_sse.h">
      <Filter>ExternalLibraries\MathGeoLib\Math</Filter>
    </ClInclude>
    <ClInclude Include="ExternalLibraries\MathGeoLib\include\Math\FloatCmp.h">
      <Filter>ExternalLibraries\MathGeoLib\Math</Filter>
    </ClInclude>
    <ClInclude Include="ExternalLibraries\MathGeoLib\include\Math\MathAll.h">
      <Filter>ExternalLibraries\MathGeoLib\Math</Filter>
    </ClInclude>
    <ClInclude Include="ExternalLibraries\MathGeoLib\include\Math\MathConstants.h">
      <Filter>ExternalLibraries\MathGeoLib\Math</Filter>
    </ClInclude>
    <ClInclude Include="ExternalLibraries\MathGeoLib\include\Math\MathFunc.h">
      <Filter>ExternalLibraries\MathGeoLib\Math</Filter>
    </ClInclude>
    <ClInclude Include="ExternalLibraries\MathGeoLib\include\Math\MathLog.h">
      <Filter>ExternalLibraries\MathGeoLib\Math</Filter>
    </ClInclude>
    <ClInclude Include="ExternalLibraries\MathGeoLib\include\Math\MathNamespace.h">
      <Filter>ExternalLibraries\MathGeoLib\Math</Filter>
    </ClInclude>
    <ClInclude Include="ExternalLibraries\MathGeoLib\include\Math\MathTypes.h">
      <Filter>ExternalLibraries\MathGeoLib\Math</Filter>
    </ClInclude>
    <ClInclude Include="ExternalLibraries\MathGeoLib\include\Math\MatrixProxy.h">
      <Filter>ExternalLibraries\MathGeoLib\Math</Filter>
    </ClInclude>
    <ClInclude Include="ExternalLibraries\MathGeoLib\include\Math\myassert.h">
      <Filter>ExternalLibraries\MathGeoLib\Math</Filter>
    </ClInclude>
    <ClInclude Include="ExternalLibraries\MathGeoLib\include\Math\Polynomial.h">
      <Filter>ExternalLibraries\MathGeoLib\Math</Filter>
    </ClInclude>
    <ClInclude Include="ExternalLibraries\MathGeoLib\include\Time\Clock.h">
      <Filter>ExternalLibraries\MathGeoLib\Time</Filter>
    </ClInclude>
    <ClInclude Include="ExternalLibraries\MathGeoLib\include\MathBuildConfig.h">
      <Filter>ExternalLibraries\MathGeoLib</Filter>
    </ClInclude>
    <ClInclude Include="ExternalLibraries\MathGeoLib\include\MathGeoLib.h">
      <Filter>ExternalLibraries\MathGeoLib</Filter>
    </ClInclude>
    <ClInclude Include="ExternalLibraries\MathGeoLib\include\MathGeoLibFwd.h">
      <Filter>ExternalLibraries\MathGeoLib</Filter>
    </ClInclude>
    <ClInclude Include="ExternalLibraries\Json\json.h">
      <Filter>ExternalLibraries\Json</Filter>
    </ClInclude>
    <ClInclude Include="ModuleFilesManager.h">
      <Filter>Header Files</Filter>
    </ClInclude>
    <ClInclude Include="MemLeaks.h">
      <Filter>Header Files</Filter>
    </ClInclude>
    <ClInclude Include="ExternalLibraries\ImGui\imconfig.h">
      <Filter>ExternalLibraries\ImGui</Filter>
    </ClInclude>
    <ClInclude Include="ExternalLibraries\ImGui\imgui.h">
      <Filter>ExternalLibraries\ImGui</Filter>
    </ClInclude>
    <ClInclude Include="ExternalLibraries\ImGui\imgui_impl_opengl3.h">
      <Filter>ExternalLibraries\ImGui</Filter>
    </ClInclude>
    <ClInclude Include="ExternalLibraries\ImGui\imgui_impl_opengl3_loader.h">
      <Filter>ExternalLibraries\ImGui</Filter>
    </ClInclude>
    <ClInclude Include="ExternalLibraries\ImGui\imgui_impl_sdl.h">
      <Filter>ExternalLibraries\ImGui</Filter>
    </ClInclude>
    <ClInclude Include="ExternalLibraries\ImGui\imgui_internal.h">
      <Filter>ExternalLibraries\ImGui</Filter>
    </ClInclude>
    <ClInclude Include="ExternalLibraries\ImGui\imstb_rectpack.h">
      <Filter>ExternalLibraries\ImGui</Filter>
    </ClInclude>
    <ClInclude Include="ExternalLibraries\ImGui\imstb_textedit.h">
      <Filter>ExternalLibraries\ImGui</Filter>
    </ClInclude>
    <ClInclude Include="ExternalLibraries\ImGui\imstb_truetype.h">
      <Filter>ExternalLibraries\ImGui</Filter>
    </ClInclude>
    <ClInclude Include="GameObject.h">
      <Filter>Header Files\Components</Filter>
    </ClInclude>
    <ClInclude Include="Component.h">
      <Filter>Header Files\Components</Filter>
    </ClInclude>
    <ClInclude Include="C_Transform.h">
      <Filter>Header Files\Components</Filter>
    </ClInclude>
    <ClInclude Include="C_Material.h">
      <Filter>Header Files\Components</Filter>
    </ClInclude>
    <ClInclude Include="C_Mesh.h">
      <Filter>Header Files\Components</Filter>
    </ClInclude>
  </ItemGroup>
  <ItemGroup>
    <Filter Include="Header Files">
      <UniqueIdentifier>{9342275f-995d-41f0-bac9-5ae57ea1869b}</UniqueIdentifier>
    </Filter>
    <Filter Include="Source Files">
      <UniqueIdentifier>{1df06d49-08b7-42c2-8e28-bb411e92b53c}</UniqueIdentifier>
    </Filter>
    <Filter Include="ExternalLibraries">
      <UniqueIdentifier>{9544796f-cb15-4cc8-b88d-8c0018a785e6}</UniqueIdentifier>
    </Filter>
    <Filter Include="ExternalLibraries\MathGeoLib">
      <UniqueIdentifier>{a0c8eb1d-b60c-4895-8d3c-6572389e9620}</UniqueIdentifier>
    </Filter>
    <Filter Include="ExternalLibraries\MathGeoLib\Algorithm">
      <UniqueIdentifier>{0cfedce8-8633-49c4-b137-1c9a1754001a}</UniqueIdentifier>
    </Filter>
    <Filter Include="ExternalLibraries\MathGeoLib\Algorithm\Random">
      <UniqueIdentifier>{fc3876df-ef1e-46aa-8155-4037cd6d74a9}</UniqueIdentifier>
    </Filter>
    <Filter Include="ExternalLibraries\MathGeoLib\Geometry">
      <UniqueIdentifier>{9d3bc9a5-47d5-4971-9251-f0cc59211e89}</UniqueIdentifier>
    </Filter>
    <Filter Include="ExternalLibraries\MathGeoLib\Math">
      <UniqueIdentifier>{8b5ede30-9bf3-435b-a14d-5eea1e23f4d2}</UniqueIdentifier>
    </Filter>
    <Filter Include="ExternalLibraries\MathGeoLib\Time">
      <UniqueIdentifier>{bb85ef44-5c40-4665-b130-998c09ce1ad9}</UniqueIdentifier>
    </Filter>
    <Filter Include="ExternalLibraries\Json">
      <UniqueIdentifier>{77c050bf-7a49-48cd-9b79-50f3892cfd18}</UniqueIdentifier>
    </Filter>
    <Filter Include="ExternalLibraries\ImGui">
      <UniqueIdentifier>{245948d4-6788-4ea3-b504-6a7c4fcc854f}</UniqueIdentifier>
    </Filter>
    <Filter Include="Header Files\Components">
      <UniqueIdentifier>{60e13658-1c98-419a-9bf4-0f6dfaff691c}</UniqueIdentifier>
    </Filter>
    <Filter Include="Source Files\Components">
      <UniqueIdentifier>{dfd582fc-1f2e-4651-b54c-d07355042ef0}</UniqueIdentifier>
    </Filter>
  </ItemGroup>
  <ItemGroup>
    <None Include="ExternalLibraries\MathGeoLib\include\Geometry\KDTree.inl">
      <Filter>ExternalLibraries\MathGeoLib\Geometry</Filter>
    </None>
    <None Include="ExternalLibraries\MathGeoLib\include\Geometry\QuadTree.inl">
      <Filter>ExternalLibraries\MathGeoLib\Geometry</Filter>
    </None>
    <None Include="ExternalLibraries\MathGeoLib\include\Geometry\TriangleMesh_IntersectRay_AVX.inl">
      <Filter>ExternalLibraries\MathGeoLib\Geometry</Filter>
    </None>
    <None Include="ExternalLibraries\MathGeoLib\include\Geometry\TriangleMesh_IntersectRay_CPP.inl">
      <Filter>ExternalLibraries\MathGeoLib\Geometry</Filter>
    </None>
    <None Include="ExternalLibraries\MathGeoLib\include\Geometry\TriangleMesh_IntersectRay_SSE.inl">
      <Filter>ExternalLibraries\MathGeoLib\Geometry</Filter>
    </None>
    <None Include="ExternalLibraries\MathGeoLib\include\Math\Matrix.inl">
      <Filter>ExternalLibraries\MathGeoLib\Math</Filter>
    </None>
  </ItemGroup>
</Project>